
Microsoft Visual Studio Solution File, Format Version 10.00
# Visual Studio 2008
Project("{FAE04EC0-301F-11D3-BF4B-00C04F79EFBC}") = "FeatureMirror", "FeatureMirror\FeatureMirror.csproj", "{0602379A-C2AD-47E3-AC91-80214D94F7A0}"
EndProject
Project("{FAE04EC0-301F-11D3-BF4B-00C04F79EFBC}") = "FeatureMirror.Specs", "FeatureMirror.Specs\FeatureMirror.Specs.csproj", "{616BFECE-10A1-463E-AB2A-E91A66543424}"
EndProject
Global
	GlobalSection(SolutionConfigurationPlatforms) = preSolution
		Debug|Any CPU = Debug|Any CPU
		Release|Any CPU = Release|Any CPU
	EndGlobalSection
	GlobalSection(ProjectConfigurationPlatforms) = postSolution
		{0602379A-C2AD-47E3-AC91-80214D94F7A0}.Debug|Any CPU.ActiveCfg = Debug|Any CPU
		{0602379A-C2AD-47E3-AC91-80214D94F7A0}.Debug|Any CPU.Build.0 = Debug|Any CPU
		{0602379A-C2AD-47E3-AC91-80214D94F7A0}.Release|Any CPU.ActiveCfg = Release|Any CPU
		{0602379A-C2AD-47E3-AC91-80214D94F7A0}.Release|Any CPU.Build.0 = Release|Any CPU
		{616BFECE-10A1-463E-AB2A-E91A66543424}.Debug|Any CPU.ActiveCfg = Debug|Any CPU
		{616BFECE-10A1-463E-AB2A-E91A66543424}.Debug|Any CPU.Build.0 = Debug|Any CPU
		{616BFECE-10A1-463E-AB2A-E91A66543424}.Release|Any CPU.ActiveCfg = Release|Any CPU
		{616BFECE-10A1-463E-AB2A-E91A66543424}.Release|Any CPU.Build.0 = Release|Any CPU
	EndGlobalSection
	GlobalSection(SolutionProperties) = preSolution
		HideSolutionNode = FALSE
	EndGlobalSection
EndGlobal
